
Microsoft Visual Studio Solution File, Format Version 12.00
# Visual Studio Version 17
VisualStudioVersion = 17.10.34928.147
MinimumVisualStudioVersion = 10.0.40219.1
Project("{FAE04EC0-301F-11D3-BF4B-00C04F79EFBC}") = "datatable_core", "datatable_core\datatable_core.csproj", "{B6D5F9CD-8CAC-4FEE-97DA-45734C6435CB}"
EndProject
Global
	GlobalSection(SolutionConfigurationPlatforms) = preSolution
		Debug|Any CPU = Debug|Any CPU
		Release|Any CPU = Release|Any CPU
	EndGlobalSection
	GlobalSection(ProjectConfigurationPlatforms) = postSolution
		{B6D5F9CD-8CAC-4FEE-97DA-45734C6435CB}.Debug|Any CPU.ActiveCfg = Debug|Any CPU
		{B6D5F9CD-8CAC-4FEE-97DA-45734C6435CB}.Debug|Any CPU.Build.0 = Debug|Any CPU
		{B6D5F9CD-8CAC-4FEE-97DA-45734C6435CB}.Release|Any CPU.ActiveCfg = Release|Any CPU
		{B6D5F9CD-8CAC-4FEE-97DA-45734C6435CB}.Release|Any CPU.Build.0 = Release|Any CPU
	EndGlobalSection
	GlobalSection(SolutionProperties) = preSolution
		HideSolutionNode = FALSE
	EndGlobalSection
	GlobalSection(ExtensibilityGlobals) = postSolution
		SolutionGuid = {DEC89A00-1F16-4CC8-B3E9-951930F66B13}
	EndGlobalSection
EndGlobal
